
Microsoft Visual Studio Solution File, Format Version 12.00
# Visual Studio 14
VisualStudioVersion = 14.0.24720.0
MinimumVisualStudioVersion = 10.0.40219.1
Project("{FAE04EC0-301F-11D3-BF4B-00C04F79EFBC}") = "AirlineReservationSystem", "AirlineReservationSystem\AirlineReservationSystem.csproj", "{25A958F3-96ED-42FA-A2F7-4B1120386AD4}"
EndProject
Project("{FAE04EC0-301F-11D3-BF4B-00C04F79EFBC}") = "AirlineTest", "AirlineTest\AirlineTest.csproj", "{74CFC7E1-C773-4CDE-AD1B-EEAF7648B2A9}"
EndProject
Global
	GlobalSection(SolutionConfigurationPlatforms) = preSolution
		Debug|Any CPU = Debug|Any CPU
		Release|Any CPU = Release|Any CPU
	EndGlobalSection
	GlobalSection(ProjectConfigurationPlatforms) = postSolution
		{25A958F3-96ED-42FA-A2F7-4B1120386AD4}.Debug|Any CPU.ActiveCfg = Debug|Any CPU
		{25A958F3-96ED-42FA-A2F7-4B1120386AD4}.Debug|Any CPU.Build.0 = Debug|Any CPU
		{25A958F3-96ED-42FA-A2F7-4B1120386AD4}.Release|Any CPU.ActiveCfg = Release|Any CPU
		{25A958F3-96ED-42FA-A2F7-4B1120386AD4}.Release|Any CPU.Build.0 = Release|Any CPU
		{74CFC7E1-C773-4CDE-AD1B-EEAF7648B2A9}.Debug|Any CPU.ActiveCfg = Debug|Any CPU
		{74CFC7E1-C773-4CDE-AD1B-EEAF7648B2A9}.Debug|Any CPU.Build.0 = Debug|Any CPU
		{74CFC7E1-C773-4CDE-AD1B-EEAF7648B2A9}.Release|Any CPU.ActiveCfg = Release|Any CPU
		{74CFC7E1-C773-4CDE-AD1B-EEAF7648B2A9}.Release|Any CPU.Build.0 = Release|Any CPU
	EndGlobalSection
	GlobalSection(SolutionProperties) = preSolution
		HideSolutionNode = FALSE
	EndGlobalSection
EndGlobal
